github.com/armon/go-proxyproto v0.0.0-20210323213023-7e956b284f0a h1:AP/vsCIvJZ129pdm9Ek7bH7yutN3hByqsMoNrWAxRQc=
github.com/armon/go-proxyproto v0.0.0-20210323213023-7e956b284f0a/go.mod h1:QmP9hvJ91BbJmGVGSbutW19IC0Q9phDCLGaomwTJbgU=
github.com/creack/pty v1.1.9/go.mod h1:oKZEueFk5CKHvIhNR5MUki03XCEU+Q6VDXinZuGJ33E=
github.com/davecgh/go-spew v1.1.0/go.mod h1:J7Y8YcW2NihsgmVo/mv3lAwl/skON4iLHjSsI+c5H38=
github.com/davecgh/go-spew v1.1.1 h1:vj9j/u1bqnvCEfJOwUhtlOARqs3+rkHYY13jYWTU97c=
github.com/davecgh/go-spew v1.1.1/go.mod h1:J7Y8YcW2NihsgmVo/mv3lAwl/skON4iLHjSsI+c5H38=
github.com/globalsign/mgo v0.0.0-20181015135952-eeefdecb41b8 h1:DujepqpGd1hyOd7aW59XpK7Qymp8iy83xq74fLr21is=
github.com/globalsign/mgo v0.0.0-20181015135952-eeefdecb41b8/go.mod h1:xkRDCp4j0OGD1HRkm4kmhM+pmpv3AKq5SU7GMg4oO/Q=
github.com/kr/pretty v0.2.1 h1:Fmg33tUaq4/8ym9TJN1x7sLJnHVwhP33CNkpYV/7rwI=
github.com/kr/pretty v0.2.1/go.mod h1:ipq/a2n7PKx3OHsz4KJII5eveXtPO4qwEXGdVfWzfnI=
github.com/kr/pty v1.1.1/go.mod h1:pFQYn66WHrOpPYNljwOMqo10TkYh1fy3cYio2l3bCsQ=
github.com/kr/text v0.1.0/go.mod h1:4Jbv+DJW3UT/LiOwJeYQe1efqtUx/iVham/4vfdArNI=
github.com/kr/text v0.2.0 h1:5Nx0Ya0ZqY2ygV366QzturHI13Jq95ApcVaJBhpS+AY=
github.com/kr/text v0.2.0/go.mod h1:eLer722TekiGuMkidMxC/pM04lWEeraHUUmBw8l2grE=
github.com/mattn/go-sqlite3 v1.14.14 h1:qZgc/Rwetq+MtyE18WhzjokPD93dNqLGNT3QJuLvBGw=
github.com/mattn/go-sqlite3 v1.14.14/go.mod h1:NyWgC/yNuGj7Q9rpYnZvas74GogHl5/Z4A/KQRfk6bU=
github.com/pkg/errors v0.9.1 h1:FEBLx1zS214owpjy7qsBeixbURkuhQAwrK5UwLGTwt4=
github.com/pkg/errors v0.9.1/go.mod h1:bwawxfHBFNV+L2hUp1rHADufV3IMtnDRdf1r5NINEl0=
github.com/pmezard/go-difflib v1.0.0 h1:4DBwDE0NGyQoBHbLQYPwSUPoCMWR5BEzIk/f1lZbAQM=
github.com/pmezard/go-difflib v1.0.0/go.mod h1:iKH77koFhYxTK1pcRnkKkqfTogsbg7gZNVY4sRDYZ/4=
github.com/quickfixgo/enum v0.0.0-20210629025633-9afc8539baba h1:ysNRAW5kAhJ76Wo6LMAtbuFq/64s2E5KK00cS/rR/Po=
github.com/quickfixgo/enum v0.0.0-20210629025633-9afc8539baba/go.mod h1:65gdG2/8vr6uOYcjZBObVHMuTEYc5rr/+aKVWTrFIrQ=
github.com/quickfixgo/field v0.0.0-20171007195410-74cea5ec78c7 h1:a/qsvkJNoj1vcSFTzgLqNcwTRuiM1VjchoRjDOIMNyY=
github.com/quickfixgo/field v0.0.0-20171007195410-74cea5ec78c7/go.mod h1:7kiKeQwJLOrwVXqvt2GAnk4vOH0jErrB3qO6SERmq7c=
github.com/quickfixgo/fix40 v0.0.0-20171007200002-cce875b2c2e7 h1:csHnaP2l65lrchDUvpk2LbA7BF23wsl4aqFqGVX8r10=
github.com/quickfixgo/fix40 v0.0.0-20171007200002-cce875b2c2e7/go.mod h1:RC0yl+6EULF8t40eFen3UdouFVdZu1uVwMsk7O/6i5s=
github.com/quickfixgo/fix41 v0.0.0-20171007212429-b272ca343ed2 h1:dofXBfr8IrzTXvHyu0gV9KIgzBzjVyBd5rmxERw50rE=
github.com/quickfixgo/fix41 v0.0.0-20171007212429-b272ca343ed2/go.mod h1:2CARkVxpb7YV3Ib6qRjI2UFzvlIyhP0lx/nN6GDoZ7w=
github.com/quickfixgo/fix42 v0.0.0-20171007212724-86a4567f1c77 h1:mD360ECTwAK4jbOIrqAH2MdJF3RrH5KuboFNdxSmIDM=
github.com/quickfixgo/fix42 v0.0.0-20171007212724-86a4567f1c77/go.mod h1:RyVaOPb/+NasHAt2e5UJ9PjXT+5AeqyKZfNPOB4UspE=
github.com/quickfixgo/fix43 v0.0.0-20171007213001-a7ff4f2a2470 h1:1bkIwYMs5XrjvKouIiqn2Iiw46XKcNTS1as9hCZqnMg=
github.com/quickfixgo/fix43 v0.0.0-20171007213001-a7ff4f2a2470/go.mod h1:qpAUIIjRXEQRtuMpJolR+8VkDajoU8J7Iw55Gnwm15s=
github.com/quickfixgo/fix44 v0.0.0-20171007213039-f090a1006218 h1:zrm7CRhis2ArB/xjOj0EQJOuHq5fI0JpS4AILtjwUug=
github.com/quickfixgo/fix44 v0.0.0-20171007213039-f090a1006218/go.mod h1:KFN4LkI1sidKgWnUvmpDdvsa+aNvcbExtS8iPQvA9ys=
github.com/quickfixgo/fixt11 v0.0.0-20171007213433-d9788ca97f5d h1:PlymcwOkKZXnOI3uJZu0lpnvnweTkML9YxnTuYhhzIM=
github.com/quickfixgo/fixt11 v0.0.0-20171007213433-d9788ca97f5d/go.mod h1:/oN4Arv+/8zKshQTj+ggpWfjXuVv9bMUO93zOO6R+oM=
github.com/quickfixgo/tag v0.0.0-20171007194743-cbb465760521 h1:RXfjXtjvXb4wgzBHTTFbyW5uBP04Nrlky9e9lAe8mIE=
github.com/quickfixgo/tag v0.0.0-20171007194743-cbb465760521/go.mod h1:EKAI2kkSaIuSywW0WbIgXIcuA9vS4IXfCga9U9Oax2E=
github.com/shopspring/decimal v1.3.1 h1:2Usl1nmF/WZucqkFZhnfFYxxxu8LG21F6nPQBE5gKV8=
github.com/shopspring/decimal v1.3.1/go.mod h1:DKyhrW/HYNuLGql+MJL6WCR6knT2jwCFRcu2hWCYk4o=
github.com/stretchr/objx v0.1.0/go.mod h1:HFkY916IF+rwdDfMAkV7OtwuqBVzrE8GR6GFx+wExME=
github.com/stretchr/objx v0.4.0 h1:M2gUjqZET1qApGOWNSnZ49BAIMX4F/1plDv3+l31EJ4=
github.com/stretchr/objx v0.4.0/go.mod h1:YvHI0jy2hoMjB+UWwv71VJQ9isScKT/TqJzVSSt89Yw=
github.com/stretchr/testify v1.7.1/go.mod h1:6Fq8oRcR53rry900zMqJjRRixrwX3KX962/h/Wwjteg=
github.com/stretchr/testify v1.8.0 h1:pSgiaMZlXftHpm5L7V1+rVB+AZJydKsMxsQBIJw4PKk=
github.com/stretchr/testify v1.8.0/go.mod h1:yNjHg4UonilssWZ8iaSj1OCr/vHnekPRkoO+kdMU+MU=
golang.org/x/net v0.0.0-20220708220712-1185a9018129 h1:vucSRfWwTsoXro7P+3Cjlr6flUMtzCwzlvkxEQtHHB0=
golang.org/x/net v0.0.0-20220708220712-1185a9018129/go.mod h1:XRhObCWvk6IyKnWLug+ECip1KBveYUHfp+8e9klMJ9c=
gopkg.in/check.v1 v0.0.0-20161208181325-20d25e280405/go.mod h1:Co6ibVJAznAaIkqp8huTwlJQCZ016jof/cbN4VW5Yz0=
gopkg.in/check.v1 v1.0.0-20201130134442-10cb98267c6c h1:Hei/4ADfdWqJk1ZMxUNpqntNwaWcugrBjAiHlqqRiVk=
gopkg.in/check.v1 v1.0.0-20201130134442-10cb98267c6c/go.mod h1:JHkPIbrfpd72SG/EVd6muEfDQjcINNoR0C8j2r3qZ4Q=
gopkg.in/yaml.v3 v3.0.0-20200313102051-9f266ea9e77c/go.mod h1:K4uyk7z7BCEPqu6E+C64Yfv1cQ7kz7rIZviUmN+EgEM=
gopkg.in/yaml.v3 v3.0.1 h1:fxVm/GzAzEWqLHuvctI91KS9hhNmmWOoWu0XTYJS7CA=
gopkg.in/yaml.v3 v3.0.1/go.mod h1:K4uyk7z7BCEPqu6E+C64Yfv1cQ7kz7rIZviUmN+EgEM=
